// !$*UTF8*$!
{
	archiveVersion = 1;
	classes = {
	};
	objectVersion = 56;
	objects = {

/* Begin PBXBuildFile section */
		1C89591728F1988D005617DC /* ContentView.swift in Sources */ = {isa = PBXBuildFile; fileRef = 1C89591628F1988D005617DC /* ContentView.swift */; };
		1C89591928F1988E005617DC /* Assets.xcassets in Resources */ = {isa = PBXBuildFile; fileRef = 1C89591828F1988E005617DC /* Assets.xcassets */; };
		1C89591C28F1988E005617DC /* Preview Assets.xcassets in Resources */ = {isa = PBXBuildFile; fileRef = 1C89591B28F1988E005617DC /* Preview Assets.xcassets */; };
		1C89593F28F4A305005617DC /* Simulator.swift in Sources */ = {isa = PBXBuildFile; fileRef = 1C89593E28F4A305005617DC /* Simulator.swift */; };
		1C89594228F4B639005617DC /* Vehicle.swift in Sources */ = {isa = PBXBuildFile; fileRef = 1C89594128F4B639005617DC /* Vehicle.swift */; };
		1C8959462907ED24005617DC /* DrawView.swift in Sources */ = {isa = PBXBuildFile; fileRef = 1C8959452907ED24005617DC /* DrawView.swift */; };
		1C8959482907EE5E005617DC /* DrawableRect.swift in Sources */ = {isa = PBXBuildFile; fileRef = 1C8959472907EE5E005617DC /* DrawableRect.swift */; };
		1C89594A2907EF20005617DC /* DrawableMap.swift in Sources */ = {isa = PBXBuildFile; fileRef = 1C8959492907EF20005617DC /* DrawableMap.swift */; };
		1C89594D29080E21005617DC /* iPad_SimulatorTestApp.swift in Sources */ = {isa = PBXBuildFile; fileRef = 1C89594C29080E21005617DC /* iPad_SimulatorTestApp.swift */; };
		1CD69E7C29090C9B003155BF /* DrawableDot.swift in Sources */ = {isa = PBXBuildFile; fileRef = 1CD69E7B29090C9B003155BF /* DrawableDot.swift */; };
/* End PBXBuildFile section */

/* Begin PBXFileReference section */
		1C89591128F1988D005617DC /* iPad.SimulatorTest.app */ = {isa = PBXFileReference; explicitFileType = wrapper.application; includeInIndex = 0; path = iPad.SimulatorTest.app; sourceTree = BUILT_PRODUCTS_DIR; };
		1C89591628F1988D005617DC /* ContentView.swift */ = {isa = PBXFileReference; lastKnownFileType = sourcecode.swift; path = ContentView.swift; sourceTree = "<group>"; };
		1C89591828F1988E005617DC /* Assets.xcassets */ = {isa = PBXFileReference; lastKnownFileType = folder.assetcatalog; path = Assets.xcassets; sourceTree = "<group>"; };
		1C89591B28F1988E005617DC /* Preview Assets.xcassets */ = {isa = PBXFileReference; lastKnownFileType = folder.assetcatalog; path = "Preview Assets.xcassets"; sourceTree = "<group>"; };
		1C89592528F1988E005617DC /* iPad_SimulatorTestTests.swift */ = {isa = PBXFileReference; lastKnownFileType = sourcecode.swift; path = iPad_SimulatorTestTests.swift; sourceTree = "<group>"; };
		1C89592F28F1988E005617DC /* iPad_SimulatorTestUITests.swift */ = {isa = PBXFileReference; lastKnownFileType = sourcecode.swift; path = iPad_SimulatorTestUITests.swift; sourceTree = "<group>"; };
		1C89593128F1988E005617DC /* iPad_SimulatorTestUITestsLaunchTests.swift */ = {isa = PBXFileReference; lastKnownFileType = sourcecode.swift; path = iPad_SimulatorTestUITestsLaunchTests.swift; sourceTree = "<group>"; };
		1C89593E28F4A305005617DC /* Simulator.swift */ = {isa = PBXFileReference; lastKnownFileType = sourcecode.swift; path = Simulator.swift; sourceTree = "<group>"; };
		1C89594128F4B639005617DC /* Vehicle.swift */ = {isa = PBXFileReference; lastKnownFileType = sourcecode.swift; path = Vehicle.swift; sourceTree = "<group>"; };
		1C8959452907ED24005617DC /* DrawView.swift */ = {isa = PBXFileReference; lastKnownFileType = sourcecode.swift; name = DrawView.swift; path = iPad.SimulatorTest/View/DrawView.swift; sourceTree = SOURCE_ROOT; };
		1C8959472907EE5E005617DC /* DrawableRect.swift */ = {isa = PBXFileReference; lastKnownFileType = sourcecode.swift; path = DrawableRect.swift; sourceTree = "<group>"; };
		1C8959492907EF20005617DC /* DrawableMap.swift */ = {isa = PBXFileReference; lastKnownFileType = sourcecode.swift; path = DrawableMap.swift; sourceTree = "<group>"; };
		1C89594C29080E21005617DC /* iPad_SimulatorTestApp.swift */ = {isa = PBXFileReference; fileEncoding = 4; lastKnownFileType = sourcecode.swift; path = iPad_SimulatorTestApp.swift; sourceTree = "<group>"; };
		1CD69E7B29090C9B003155BF /* DrawableDot.swift */ = {isa = PBXFileReference; lastKnownFileType = sourcecode.swift; path = DrawableDot.swift; sourceTree = "<group>"; };
/* End PBXFileReference section */

/* Begin PBXFrameworksBuildPhase section */
		1C89590E28F1988D005617DC /* Frameworks */ = {
			isa = PBXFrameworksBuildPhase;
			buildActionMask = 2147483647;
			files = (
			);
			runOnlyForDeploymentPostprocessing = 0;
		};
/* End PBXFrameworksBuildPhase section */

/* Begin PBXGroup section */
		1C89590828F1988D005617DC = {
			isa = PBXGroup;
			children = (
				1C89591328F1988D005617DC /* iPad.SimulatorTest */,
				1C89592428F1988E005617DC /* iPad.SimulatorTestTests */,
				1C89592E28F1988E005617DC /* iPad.SimulatorTestUITests */,
				1C89591228F1988D005617DC /* Products */,
			);
			sourceTree = "<group>";
		};
		1C89591228F1988D005617DC /* Products */ = {
			isa = PBXGroup;
			children = (
				1C89591128F1988D005617DC /* iPad.SimulatorTest.app */,
			);
			name = Products;
			sourceTree = "<group>";
		};
		1C89591328F1988D005617DC /* iPad.SimulatorTest */ = {
			isa = PBXGroup;
			children = (
				1C89594C29080E21005617DC /* iPad_SimulatorTestApp.swift */,
				1C89594B29080DC6005617DC /* View */,
				1C89594028F4B622005617DC /* Model */,
				1C89591828F1988E005617DC /* Assets.xcassets */,
				1C89591A28F1988E005617DC /* Preview Content */,
			);
			path = iPad.SimulatorTest;
			sourceTree = "<group>";
		};
		1C89591A28F1988E005617DC /* Preview Content */ = {
			isa = PBXGroup;
			children = (
				1C89591B28F1988E005617DC /* Preview Assets.xcassets */,
			);
			path = "Preview Content";
			sourceTree = "<group>";
		};
		1C89592428F1988E005617DC /* iPad.SimulatorTestTests */ = {
			isa = PBXGroup;
			children = (
				1C89592528F1988E005617DC /* iPad_SimulatorTestTests.swift */,
			);
			path = iPad.SimulatorTestTests;
			sourceTree = "<group>";
		};
		1C89592E28F1988E005617DC /* iPad.SimulatorTestUITests */ = {
			isa = PBXGroup;
			children = (
				1C89592F28F1988E005617DC /* iPad_SimulatorTestUITests.swift */,
				1C89593128F1988E005617DC /* iPad_SimulatorTestUITestsLaunchTests.swift */,
			);
			path = iPad.SimulatorTestUITests;
			sourceTree = "<group>";
		};
		1C89594028F4B622005617DC /* Model */ = {
			isa = PBXGroup;
			children = (
				1C89593E28F4A305005617DC /* Simulator.swift */,
				1C89594128F4B639005617DC /* Vehicle.swift */,
				1C8959472907EE5E005617DC /* DrawableRect.swift */,
				1C8959492907EF20005617DC /* DrawableMap.swift */,
				1CD69E7B29090C9B003155BF /* DrawableDot.swift */,
			);
			path = Model;
			sourceTree = "<group>";
		};
		1C89594B29080DC6005617DC /* View */ = {
			isa = PBXGroup;
			children = (
				1C89591628F1988D005617DC /* ContentView.swift */,
				1C8959452907ED24005617DC /* DrawView.swift */,
			);
			path = View;
			sourceTree = "<group>";
		};
/* End PBXGroup section */

/* Begin PBXNativeTarget section */
		1C89591028F1988D005617DC /* iPad.SimulatorTest */ = {
			isa = PBXNativeTarget;
			buildConfigurationList = 1C89593528F1988E005617DC /* Build configuration list for PBXNativeTarget "iPad.SimulatorTest" */;
			buildPhases = (
				1C89590D28F1988D005617DC /* Sources */,
				1C89590E28F1988D005617DC /* Frameworks */,
				1C89590F28F1988D005617DC /* Resources */,
			);
			buildRules = (
			);
			dependencies = (
			);
			name = iPad.SimulatorTest;
			productName = iPad.SimulatorTest;
			productReference = 1C89591128F1988D005617DC /* iPad.SimulatorTest.app */;
			productType = "com.apple.product-type.application";
		};
/* End PBXNativeTarget section */

/* Begin PBXProject section */
		1C89590928F1988D005617DC /* Project object */ = {
			isa = PBXProject;
			attributes = {
				BuildIndependentTargetsInParallel = 1;
				LastSwiftUpdateCheck = 1400;
				LastUpgradeCheck = 1400;
				TargetAttributes = {
					1C89591028F1988D005617DC = {
						CreatedOnToolsVersion = 14.0.1;
					};
				};
			};
			buildConfigurationList = 1C89590C28F1988D005617DC /* Build configuration list for PBXProject "iPad.SimulatorTest" */;
			compatibilityVersion = "Xcode 14.0";
			developmentRegion = en;
			hasScannedForEncodings = 0;
			knownRegions = (
				en,
				Base,
			);
			mainGroup = 1C89590828F1988D005617DC;
			productRefGroup = 1C89591228F1988D005617DC /* Products */;
			projectDirPath = "";
			projectRoot = "";
			targets = (
				1C89591028F1988D005617DC /* iPad.SimulatorTest */,
			);
		};
/* End PBXProject section */

/* Begin PBXResourcesBuildPhase section */
		1C89590F28F1988D005617DC /* Resources */ = {
			isa = PBXResourcesBuildPhase;
			buildActionMask = 2147483647;
			files = (
				1C89591C28F1988E005617DC /* Preview Assets.xcassets in Resources */,
				1C89591928F1988E005617DC /* Assets.xcassets in Resources */,
			);
			runOnlyForDeploymentPostprocessing = 0;
		};
/* End PBXResourcesBuildPhase section */

/* Begin PBXSourcesBuildPhase section */
		1C89590D28F1988D005617DC /* Sources */ = {
			isa = PBXSourcesBuildPhase;
			buildActionMask = 2147483647;
			files = (
				1C89594228F4B639005617DC /* Vehicle.swift in Sources */,
				1C89594A2907EF20005617DC /* DrawableMap.swift in Sources */,
				1C8959462907ED24005617DC /* DrawView.swift in Sources */,
				1C89591728F1988D005617DC /* ContentView.swift in Sources */,
				1C8959482907EE5E005617DC /* DrawableRect.swift in Sources */,
				1CD69E7C29090C9B003155BF /* DrawableDot.swift in Sources */,
				1C89593F28F4A305005617DC /* Simulator.swift in Sources */,
				1C89594D29080E21005617DC /* iPad_SimulatorTestApp.swift in Sources */,
			);
			runOnlyForDeploymentPostprocessing = 0;
		};
/* End PBXSourcesBuildPhase section */

/* Begin XCBuildConfiguration section */
		1C89593328F1988E005617DC /* Debug */ = {
			isa = XCBuildConfiguration;
			buildSettings = {
				ALWAYS_SEARCH_USER_PATHS = NO;
				CLANG_ANALYZER_NONNULL = YES;
				CLANG_ANALYZER_NUMBER_OBJECT_CONVERSION = YES_AGGRESSIVE;
				CLANG_CXX_LANGUAGE_STANDARD = "gnu++20";
				CLANG_ENABLE_MODULES = YES;
				CLANG_ENABLE_OBJC_ARC = YES;
				CLANG_ENABLE_OBJC_WEAK = YES;
				CLANG_WARN_BLOCK_CAPTURE_AUTORELEASING = YES;
				CLANG_WARN_BOOL_CONVERSION = YES;
				CLANG_WARN_COMMA = YES;
				CLANG_WARN_CONSTANT_CONVERSION = YES;
				CLANG_WARN_DEPRECATED_OBJC_IMPLEMENTATIONS = YES;
				CLANG_WARN_DIRECT_OBJC_ISA_USAGE = YES_ERROR;
				CLANG_WARN_DOCUMENTATION_COMMENTS = YES;
				CLANG_WARN_EMPTY_BODY = YES;
				CLANG_WARN_ENUM_CONVERSION = YES;
				CLANG_WARN_INFINITE_RECURSION = YES;
				CLANG_WARN_INT_CONVERSION = YES;
				CLANG_WARN_NON_LITERAL_NULL_CONVERSION = YES;
				CLANG_WARN_OBJC_IMPLICIT_RETAIN_SELF = YES;
				CLANG_WARN_OBJC_LITERAL_CONVERSION = YES;
				CLANG_WARN_OBJC_ROOT_CLASS = YES_ERROR;
				CLANG_WARN_QUOTED_INCLUDE_IN_FRAMEWORK_HEADER = YES;
				CLANG_WARN_RANGE_LOOP_ANALYSIS = YES;
				CLANG_WARN_STRICT_PROTOTYPES = YES;
				CLANG_WARN_SUSPICIOUS_MOVE = YES;
				CLANG_WARN_UNGUARDED_AVAILABILITY = YES_AGGRESSIVE;
				CLANG_WARN_UNREACHABLE_CODE = YES;
				CLANG_WARN__DUPLICATE_METHOD_MATCH = YES;
				COPY_PHASE_STRIP = NO;
				DEBUG_INFORMATION_FORMAT = dwarf;
				ENABLE_STRICT_OBJC_MSGSEND = YES;
				ENABLE_TESTABILITY = YES;
				GCC_C_LANGUAGE_STANDARD = gnu11;
				GCC_DYNAMIC_NO_PIC = NO;
				GCC_NO_COMMON_BLOCKS = YES;
				GCC_OPTIMIZATION_LEVEL = 0;
				GCC_PREPROCESSOR_DEFINITIONS = (
					"DEBUG=1",
					"$(inherited)",
				);
				GCC_WARN_64_TO_32_BIT_CONVERSION = YES;
				GCC_WARN_ABOUT_RETURN_TYPE = YES_ERROR;
				GCC_WARN_UNDECLARED_SELECTOR = YES;
				GCC_WARN_UNINITIALIZED_AUTOS = YES_AGGRESSIVE;
				GCC_WARN_UNUSED_FUNCTION = YES;
				GCC_WARN_UNUSED_VARIABLE = YES;
				IPHONEOS_DEPLOYMENT_TARGET = 16.0;
				MTL_ENABLE_DEBUG_INFO = INCLUDE_SOURCE;
				MTL_FAST_MATH = YES;
				ONLY_ACTIVE_ARCH = YES;
				SDKROOT = iphoneos;
				SWIFT_ACTIVE_COMPILATION_CONDITIONS = DEBUG;
				SWIFT_OPTIMIZATION_LEVEL = "-Onone";
			};
			name = Debug;
		};
		1C89593428F1988E005617DC /* Release */ = {
			isa = XCBuildConfiguration;
			buildSettings = {
				ALWAYS_SEARCH_USER_PATHS = NO;
				CLANG_ANALYZER_NONNULL = YES;
				CLANG_ANALYZER_NUMBER_OBJECT_CONVERSION = YES_AGGRESSIVE;
				CLANG_CXX_LANGUAGE_STANDARD = "gnu++20";
				CLANG_ENABLE_MODULES = YES;
				CLANG_ENABLE_OBJC_ARC = YES;
				CLANG_ENABLE_OBJC_WEAK = YES;
				CLANG_WARN_BLOCK_CAPTURE_AUTORELEASING = YES;
				CLANG_WARN_BOOL_CONVERSION = YES;
				CLANG_WARN_COMMA = YES;
				CLANG_WARN_CONSTANT_CONVERSION = YES;
				CLANG_WARN_DEPRECATED_OBJC_IMPLEMENTATIONS = YES;
				CLANG_WARN_DIRECT_OBJC_ISA_USAGE = YES_ERROR;
				CLANG_WARN_DOCUMENTATION_COMMENTS = YES;
				CLANG_WARN_EMPTY_BODY = YES;
				CLANG_WARN_ENUM_CONVERSION = YES;
				CLANG_WARN_INFINITE_RECURSION = YES;
				CLANG_WARN_INT_CONVERSION = YES;
				CLANG_WARN_NON_LITERAL_NULL_CONVERSION = YES;
				CLANG_WARN_OBJC_IMPLICIT_RETAIN_SELF = YES;
				CLANG_WARN_OBJC_LITERAL_CONVERSION = YES;
				CLANG_WARN_OBJC_ROOT_CLASS = YES_ERROR;
				CLANG_WARN_QUOTED_INCLUDE_IN_FRAMEWORK_HEADER = YES;
				CLANG_WARN_RANGE_LOOP_ANALYSIS = YES;
				CLANG_WARN_STRICT_PROTOTYPES = YES;
				CLANG_WARN_SUSPICIOUS_MOVE = YES;
				CLANG_WARN_UNGUARDED_AVAILABILITY = YES_AGGRESSIVE;
				CLANG_WARN_UNREACHABLE_CODE = YES;
				CLANG_WARN__DUPLICATE_METHOD_MATCH = YES;
				COPY_PHASE_STRIP = NO;
				DEBUG_INFORMATION_FORMAT = "dwarf-with-dsym";
				ENABLE_NS_ASSERTIONS = NO;
				ENABLE_STRICT_OBJC_MSGSEND = YES;
				GCC_C_LANGUAGE_STANDARD = gnu11;
				GCC_NO_COMMON_BLOCKS = YES;
				GCC_WARN_64_TO_32_BIT_CONVERSION = YES;
				GCC_WARN_ABOUT_RETURN_TYPE = YES_ERROR;
				GCC_WARN_UNDECLARED_SELECTOR = YES;
				GCC_WARN_UNINITIALIZED_AUTOS = YES_AGGRESSIVE;
				GCC_WARN_UNUSED_FUNCTION = YES;
				GCC_WARN_UNUSED_VARIABLE = YES;
				IPHONEOS_DEPLOYMENT_TARGET = 16.0;
				MTL_ENABLE_DEBUG_INFO = NO;
				MTL_FAST_MATH = YES;
				SDKROOT = iphoneos;
				SWIFT_COMPILATION_MODE = wholemodule;
				SWIFT_OPTIMIZATION_LEVEL = "-O";
				VALIDATE_PRODUCT = YES;
			};
			name = Release;
		};
		1C89593628F1988E005617DC /* Debug */ = {
			isa = XCBuildConfiguration;
			buildSettings = {
				ASSETCATALOG_COMPILER_APPICON_NAME = AppIcon;
				ASSETCATALOG_COMPILER_GLOBAL_ACCENT_COLOR_NAME = AccentColor;
				CODE_SIGN_STYLE = Automatic;
				CURRENT_PROJECT_VERSION = 1;
				DEVELOPMENT_ASSET_PATHS = "\"iPad.SimulatorTest/Preview Content\"";
				ENABLE_PREVIEWS = YES;
				GENERATE_INFOPLIST_FILE = YES;
				INFOPLIST_KEY_UIApplicationSceneManifest_Generation = YES;
				INFOPLIST_KEY_UIApplicationSupportsIndirectInputEvents = YES;
				INFOPLIST_KEY_UILaunchScreen_Generation = YES;
				INFOPLIST_KEY_UISupportedInterfaceOrientations_iPad = "UIInterfaceOrientationPortrait UIInterfaceOrientationPortraitUpsideDown UIInterfaceOrientationLandscapeLeft UIInterfaceOrientationLandscapeRight";
				INFOPLIST_KEY_UISupportedInterfaceOrientations_iPhone = "UIInterfaceOrientationPortrait UIInterfaceOrientationLandscapeLeft UIInterfaceOrientationLandscapeRight";
				LD_RUNPATH_SEARCH_PATHS = (
					"$(inherited)",
					"@executable_path/Frameworks",
				);
				MARKETING_VERSION = 1.0;
				PRODUCT_BUNDLE_IDENTIFIER = "tanut.iPad-SimulatorTest";
				PRODUCT_NAME = "$(TARGET_NAME)";
				SWIFT_EMIT_LOC_STRINGS = YES;
				SWIFT_VERSION = 5.0;
				TARGETED_DEVICE_FAMILY = "1,2";
			};
			name = Debug;
		};
		1C89593728F1988E005617DC /* Release */ = {
			isa = XCBuildConfiguration;
			buildSettings = {
				ASSETCATALOG_COMPILER_APPICON_NAME = AppIcon;
				ASSETCATALOG_COMPILER_GLOBAL_ACCENT_COLOR_NAME = AccentColor;
				CODE_SIGN_STYLE = Automatic;
				CURRENT_PROJECT_VERSION = 1;
				DEVELOPMENT_ASSET_PATHS = "\"iPad.SimulatorTest/Preview Content\"";
				ENABLE_PREVIEWS = YES;
				GENERATE_INFOPLIST_FILE = YES;
				INFOPLIST_KEY_UIApplicationSceneManifest_Generation = YES;
				INFOPLIST_KEY_UIApplicationSupportsIndirectInputEvents = YES;
				INFOPLIST_KEY_UILaunchScreen_Generation = YES;
				INFOPLIST_KEY_UISupportedInterfaceOrientations_iPad = "UIInterfaceOrientationPortrait UIInterfaceOrientationPortraitUpsideDown UIInterfaceOrientationLandscapeLeft UIInterfaceOrientationLandscapeRight";
				INFOPLIST_KEY_UISupportedInterfaceOrientations_iPhone = "UIInterfaceOrientationPortrait UIInterfaceOrientationLandscapeLeft UIInterfaceOrientationLandscapeRight";
				LD_RUNPATH_SEARCH_PATHS = (
					"$(inherited)",
					"@executable_path/Frameworks",
				);
				MARKETING_VERSION = 1.0;
				PRODUCT_BUNDLE_IDENTIFIER = "tanut.iPad-SimulatorTest";
				PRODUCT_NAME = "$(TARGET_NAME)";
				SWIFT_EMIT_LOC_STRINGS = YES;
				SWIFT_VERSION = 5.0;
				TARGETED_DEVICE_FAMILY = "1,2";
			};
			name = Release;
		};
/* End XCBuildConfiguration section */

/* Begin XCConfigurationList section */
		1C89590C28F1988D005617DC /* Build configuration list for PBXProject "iPad.SimulatorTest" */ = {
			isa = XCConfigurationList;
			buildConfigurations = (
				1C89593328F1988E005617DC /* Debug */,
				1C89593428F1988E005617DC /* Release */,
			);
			defaultConfigurationIsVisible = 0;
			defaultConfigurationName = Release;
		};
		1C89593528F1988E005617DC /* Build configuration list for PBXNativeTarget "iPad.SimulatorTest" */ = {
			isa = XCConfigurationList;
			buildConfigurations = (
				1C89593628F1988E005617DC /* Debug */,
				1C89593728F1988E005617DC /* Release */,
			);
			defaultConfigurationIsVisible = 0;
			defaultConfigurationName = Release;
		};
/* End XCConfigurationList section */
	};
	rootObject = 1C89590928F1988D005617DC /* Project object */;
}
